// !$*UTF8*$!
{
	archiveVersion = 1;
	classes = {
	};
	objectVersion = 46;
	objects = {

/* Begin PBXBuildFile section */
		5D954ECC15042B4500162D48 /* Foundation.framework in Frameworks */ = {isa = PBXBuildFile; fileRef = 5D954ECB15042B4500162D48 /* Foundation.framework */; };
		5D954ECE15042B4500162D48 /* UIKit.framework in Frameworks */ = {isa = PBXBuildFile; fileRef = 5D954ECD15042B4500162D48 /* UIKit.framework */; };
		5D954ED015042B4500162D48 /* CoreGraphics.framework in Frameworks */ = {isa = PBXBuildFile; fileRef = 5D954ECF15042B4500162D48 /* CoreGraphics.framework */; };
		5D954ED215042B4500162D48 /* AddressBook.framework in Frameworks */ = {isa = PBXBuildFile; fileRef = 5D954ED115042B4500162D48 /* AddressBook.framework */; };
		5D954ED415042B4500162D48 /* AddressBookUI.framework in Frameworks */ = {isa = PBXBuildFile; fileRef = 5D954ED315042B4500162D48 /* AddressBookUI.framework */; };
		5D954ED615042B4500162D48 /* AudioToolbox.framework in Frameworks */ = {isa = PBXBuildFile; fileRef = 5D954ED515042B4500162D48 /* AudioToolbox.framework */; };
		5D954ED815042B4500162D48 /* AVFoundation.framework in Frameworks */ = {isa = PBXBuildFile; fileRef = 5D954ED715042B4500162D48 /* AVFoundation.framework */; };
		5D954EDA15042B4500162D48 /* CoreLocation.framework in Frameworks */ = {isa = PBXBuildFile; fileRef = 5D954ED915042B4500162D48 /* CoreLocation.framework */; };
		5D954EDC15042B4500162D48 /* MediaPlayer.framework in Frameworks */ = {isa = PBXBuildFile; fileRef = 5D954EDB15042B4500162D48 /* MediaPlayer.framework */; };
		5D954EDE15042B4500162D48 /* QuartzCore.framework in Frameworks */ = {isa = PBXBuildFile; fileRef = 5D954EDD15042B4500162D48 /* QuartzCore.framework */; };
		5D954EE015042B4500162D48 /* SystemConfiguration.framework in Frameworks */ = {isa = PBXBuildFile; fileRef = 5D954EDF15042B4500162D48 /* SystemConfiguration.framework */; };
		5D954EE215042B4500162D48 /* MobileCoreServices.framework in Frameworks */ = {isa = PBXBuildFile; fileRef = 5D954EE115042B4500162D48 /* MobileCoreServices.framework */; };
		5D954EE415042B4500162D48 /* CoreMedia.framework in Frameworks */ = {isa = PBXBuildFile; fileRef = 5D954EE315042B4500162D48 /* CoreMedia.framework */; };
		5D954EEA15042B4600162D48 /* InfoPlist.strings in Resources */ = {isa = PBXBuildFile; fileRef = 5D954EE815042B4600162D48 /* InfoPlist.strings */; };
		5D954EEC15042B4600162D48 /* main.m in Sources */ = {isa = PBXBuildFile; fileRef = 5D954EEB15042B4600162D48 /* main.m */; };
		5D954EEF15042B4600162D48 /* PhoneGap.framework in Frameworks */ = {isa = PBXBuildFile; fileRef = 5D954EEE15042B4600162D48 /* PhoneGap.framework */; };
		5D954EF415042B4600162D48 /* Localizable.strings in Resources */ = {isa = PBXBuildFile; fileRef = 5D954EF215042B4600162D48 /* Localizable.strings */; };
		5D954EF815042B4600162D48 /* Localizable.strings in Resources */ = {isa = PBXBuildFile; fileRef = 5D954EF615042B4600162D48 /* Localizable.strings */; };
		5D954EFB15042B4600162D48 /* icon.png in Resources */ = {isa = PBXBuildFile; fileRef = 5D954EFA15042B4600162D48 /* icon.png */; };
		5D954EFD15042B4600162D48 /* icon@2x.png in Resources */ = {isa = PBXBuildFile; fileRef = 5D954EFC15042B4600162D48 /* icon@2x.png */; };
		5D954EFF15042B4600162D48 /* icon-72.png in Resources */ = {isa = PBXBuildFile; fileRef = 5D954EFE15042B4600162D48 /* icon-72.png */; };
		5D954F0215042B4600162D48 /* Default.png in Resources */ = {isa = PBXBuildFile; fileRef = 5D954F0115042B4600162D48 /* Default.png */; };
		5D954F0415042B4600162D48 /* Default@2x.png in Resources */ = {isa = PBXBuildFile; fileRef = 5D954F0315042B4600162D48 /* Default@2x.png */; };
		5D954F0615042B4600162D48 /* Capture.bundle in Resources */ = {isa = PBXBuildFile; fileRef = 5D954F0515042B4600162D48 /* Capture.bundle */; };
		5D954F0815042B4600162D48 /* PhoneGap.plist in Resources */ = {isa = PBXBuildFile; fileRef = 5D954F0715042B4600162D48 /* PhoneGap.plist */; };
		5D954F0C15042B4600162D48 /* AppDelegate.m in Sources */ = {isa = PBXBuildFile; fileRef = 5D954F0B15042B4600162D48 /* AppDelegate.m */; };
		5D954F0F15042B4600162D48 /* MainViewController.m in Sources */ = {isa = PBXBuildFile; fileRef = 5D954F0E15042B4600162D48 /* MainViewController.m */; };
		5D954F1115042B4600162D48 /* MainViewController.xib in Resources */ = {isa = PBXBuildFile; fileRef = 5D954F1015042B4600162D48 /* MainViewController.xib */; };
		5D954F1A15042B6F00162D48 /* www in Resources */ = {isa = PBXBuildFile; fileRef = 5D954F1915042B6F00162D48 /* www */; };
		5D954F1C15042CC300162D48 /* Default-Landscape~ipad.png in Resources */ = {isa = PBXBuildFile; fileRef = 5D954F1B15042CC300162D48 /* Default-Landscape~ipad.png */; };
		5D954F1E15055C6100162D48 /* Default.png in Resources */ = {isa = PBXBuildFile; fileRef = 5D954F1D15055C6100162D48 /* Default.png */; };
/* End PBXBuildFile section */

/* Begin PBXFileReference section */
		5D954EC715042B4500162D48 /* Launch.app */ = {isa = PBXFileReference; explicitFileType = wrapper.application; includeInIndex = 0; path = Launch.app; sourceTree = BUILT_PRODUCTS_DIR; };
		5D954ECB15042B4500162D48 /* Foundation.framework */ = {isa = PBXFileReference; lastKnownFileType = wrapper.framework; name = Foundation.framework; path = System/Library/Frameworks/Foundation.framework; sourceTree = SDKROOT; };
		5D954ECD15042B4500162D48 /* UIKit.framework */ = {isa = PBXFileReference; lastKnownFileType = wrapper.framework; name = UIKit.framework; path = System/Library/Frameworks/UIKit.framework; sourceTree = SDKROOT; };
		5D954ECF15042B4500162D48 /* CoreGraphics.framework */ = {isa = PBXFileReference; lastKnownFileType = wrapper.framework; name = CoreGraphics.framework; path = System/Library/Frameworks/CoreGraphics.framework; sourceTree = SDKROOT; };
		5D954ED115042B4500162D48 /* AddressBook.framework */ = {isa = PBXFileReference; lastKnownFileType = wrapper.framework; name = AddressBook.framework; path = System/Library/Frameworks/AddressBook.framework; sourceTree = SDKROOT; };
		5D954ED315042B4500162D48 /* AddressBookUI.framework */ = {isa = PBXFileReference; lastKnownFileType = wrapper.framework; name = AddressBookUI.framework; path = System/Library/Frameworks/AddressBookUI.framework; sourceTree = SDKROOT; };
		5D954ED515042B4500162D48 /* AudioToolbox.framework */ = {isa = PBXFileReference; lastKnownFileType = wrapper.framework; name = AudioToolbox.framework; path = System/Library/Frameworks/AudioToolbox.framework; sourceTree = SDKROOT; };
		5D954ED715042B4500162D48 /* AVFoundation.framework */ = {isa = PBXFileReference; lastKnownFileType = wrapper.framework; name = AVFoundation.framework; path = System/Library/Frameworks/AVFoundation.framework; sourceTree = SDKROOT; };
		5D954ED915042B4500162D48 /* CoreLocation.framework */ = {isa = PBXFileReference; lastKnownFileType = wrapper.framework; name = CoreLocation.framework; path = System/Library/Frameworks/CoreLocation.framework; sourceTree = SDKROOT; };
		5D954EDB15042B4500162D48 /* MediaPlayer.framework */ = {isa = PBXFileReference; lastKnownFileType = wrapper.framework; name = MediaPlayer.framework; path = System/Library/Frameworks/MediaPlayer.framework; sourceTree = SDKROOT; };
		5D954EDD15042B4500162D48 /* QuartzCore.framework */ = {isa = PBXFileReference; lastKnownFileType = wrapper.framework; name = QuartzCore.framework; path = System/Library/Frameworks/QuartzCore.framework; sourceTree = SDKROOT; };
		5D954EDF15042B4500162D48 /* SystemConfiguration.framework */ = {isa = PBXFileReference; lastKnownFileType = wrapper.framework; name = SystemConfiguration.framework; path = System/Library/Frameworks/SystemConfiguration.framework; sourceTree = SDKROOT; };
		5D954EE115042B4500162D48 /* MobileCoreServices.framework */ = {isa = PBXFileReference; lastKnownFileType = wrapper.framework; name = MobileCoreServices.framework; path = System/Library/Frameworks/MobileCoreServices.framework; sourceTree = SDKROOT; };
		5D954EE315042B4500162D48 /* CoreMedia.framework */ = {isa = PBXFileReference; lastKnownFileType = wrapper.framework; name = CoreMedia.framework; path = System/Library/Frameworks/CoreMedia.framework; sourceTree = SDKROOT; };
		5D954EE715042B4500162D48 /* Launch-Info.plist */ = {isa = PBXFileReference; lastKnownFileType = text.plist.xml; path = "Launch-Info.plist"; sourceTree = "<group>"; };
		5D954EE915042B4600162D48 /* en */ = {isa = PBXFileReference; lastKnownFileType = text.plist.strings; name = en; path = en.lproj/InfoPlist.strings; sourceTree = "<group>"; };
		5D954EEB15042B4600162D48 /* main.m */ = {isa = PBXFileReference; lastKnownFileType = sourcecode.c.objc; path = main.m; sourceTree = "<group>"; };
		5D954EED15042B4600162D48 /* Launch-Prefix.pch */ = {isa = PBXFileReference; lastKnownFileType = sourcecode.c.h; path = "Launch-Prefix.pch"; sourceTree = "<group>"; };
		5D954EEE15042B4600162D48 /* PhoneGap.framework */ = {isa = PBXFileReference; lastKnownFileType = wrapper.framework; name = PhoneGap.framework; path = /Users/Shared/PhoneGap/Frameworks/PhoneGap.framework; sourceTree = "<absolute>"; };
		5D954EF315042B4600162D48 /* en */ = {isa = PBXFileReference; lastKnownFileType = text.plist.strings; name = en; path = Resources/en.lproj/Localizable.strings; sourceTree = "<group>"; };
		5D954EF715042B4600162D48 /* es */ = {isa = PBXFileReference; lastKnownFileType = text.plist.strings; name = es; path = Resources/es.lproj/Localizable.strings; sourceTree = "<group>"; };
		5D954EFA15042B4600162D48 /* icon.png */ = {isa = PBXFileReference; lastKnownFileType = image.png; name = icon.png; path = Resources/icons/icon.png; sourceTree = "<group>"; };
		5D954EFC15042B4600162D48 /* icon@2x.png */ = {isa = PBXFileReference; lastKnownFileType = image.png; name = "icon@2x.png"; path = "Resources/icons/icon@2x.png"; sourceTree = "<group>"; };
		5D954EFE15042B4600162D48 /* icon-72.png */ = {isa = PBXFileReference; lastKnownFileType = image.png; name = "icon-72.png"; path = "Resources/icons/icon-72.png"; sourceTree = "<group>"; };
		5D954F0115042B4600162D48 /* Default.png */ = {isa = PBXFileReference; lastKnownFileType = image.png; name = Default.png; path = Resources/splash/Default.png; sourceTree = "<group>"; };
		5D954F0315042B4600162D48 /* Default@2x.png */ = {isa = PBXFileReference; lastKnownFileType = image.png; name = "Default@2x.png"; path = "Resources/splash/Default@2x.png"; sourceTree = "<group>"; };
		5D954F0515042B4600162D48 /* Capture.bundle */ = {isa = PBXFileReference; lastKnownFileType = "wrapper.plug-in"; name = Capture.bundle; path = Resources/Capture.bundle; sourceTree = "<group>"; };
		5D954F0715042B4600162D48 /* PhoneGap.plist */ = {isa = PBXFileReference; lastKnownFileType = text.plist.xml; path = PhoneGap.plist; sourceTree = "<group>"; };
		5D954F0A15042B4600162D48 /* AppDelegate.h */ = {isa = PBXFileReference; lastKnownFileType = sourcecode.c.h; name = AppDelegate.h; path = Classes/AppDelegate.h; sourceTree = "<group>"; };
		5D954F0B15042B4600162D48 /* AppDelegate.m */ = {isa = PBXFileReference; lastKnownFileType = sourcecode.c.objc; name = AppDelegate.m; path = Classes/AppDelegate.m; sourceTree = "<group>"; };
		5D954F0D15042B4600162D48 /* MainViewController.h */ = {isa = PBXFileReference; lastKnownFileType = sourcecode.c.h; name = MainViewController.h; path = Classes/MainViewController.h; sourceTree = "<group>"; };
		5D954F0E15042B4600162D48 /* MainViewController.m */ = {isa = PBXFileReference; lastKnownFileType = sourcecode.c.objc; name = MainViewController.m; path = Classes/MainViewController.m; sourceTree = "<group>"; };
		5D954F1015042B4600162D48 /* MainViewController.xib */ = {isa = PBXFileReference; lastKnownFileType = file.xib; name = MainViewController.xib; path = Classes/MainViewController.xib; sourceTree = "<group>"; };
		5D954F1315042B4600162D48 /* README */ = {isa = PBXFileReference; lastKnownFileType = text; name = README; path = Plugins/README; sourceTree = "<group>"; };
		5D954F1915042B6F00162D48 /* www */ = {isa = PBXFileReference; lastKnownFileType = folder; path = www; sourceTree = "<group>"; };
		5D954F1B15042CC300162D48 /* Default-Landscape~ipad.png */ = {isa = PBXFileReference; lastKnownFileType = image.png; path = "Default-Landscape~ipad.png"; sourceTree = "<group>"; };
		5D954F1D15055C6100162D48 /* Default.png */ = {isa = PBXFileReference; lastKnownFileType = image.png; path = Default.png; sourceTree = "<group>"; };
/* End PBXFileReference section */

/* Begin PBXFrameworksBuildPhase section */
		5D954EC115042B4500162D48 /* Frameworks */ = {
			isa = PBXFrameworksBuildPhase;
			buildActionMask = 2147483647;
			files = (
				5D954ECC15042B4500162D48 /* Foundation.framework in Frameworks */,
				5D954ECE15042B4500162D48 /* UIKit.framework in Frameworks */,
				5D954ED015042B4500162D48 /* CoreGraphics.framework in Frameworks */,
				5D954ED215042B4500162D48 /* AddressBook.framework in Frameworks */,
				5D954ED415042B4500162D48 /* AddressBookUI.framework in Frameworks */,
				5D954ED615042B4500162D48 /* AudioToolbox.framework in Frameworks */,
				5D954ED815042B4500162D48 /* AVFoundation.framework in Frameworks */,
				5D954EDA15042B4500162D48 /* CoreLocation.framework in Frameworks */,
				5D954EDC15042B4500162D48 /* MediaPlayer.framework in Frameworks */,
				5D954EDE15042B4500162D48 /* QuartzCore.framework in Frameworks */,
				5D954EE015042B4500162D48 /* SystemConfiguration.framework in Frameworks */,
				5D954EE215042B4500162D48 /* MobileCoreServices.framework in Frameworks */,
				5D954EE415042B4500162D48 /* CoreMedia.framework in Frameworks */,
				5D954EEF15042B4600162D48 /* PhoneGap.framework in Frameworks */,
			);
			runOnlyForDeploymentPostprocessing = 0;
		};
		5D954EC415042B4500162D48 /* Frameworks */ = {
			isa = PBXFrameworksBuildPhase;
			buildActionMask = 2147483647;
			files = (
			);
			runOnlyForDeploymentPostprocessing = 0;
		};
/* End PBXFrameworksBuildPhase section */

/* Begin PBXGroup section */
		5D954EB915042B4500162D48 = {
			isa = PBXGroup;
			children = (
				5D954F1D15055C6100162D48 /* Default.png */,
				5D954F1B15042CC300162D48 /* Default-Landscape~ipad.png */,
				5D954EE515042B4500162D48 /* Launch */,
				5D954ECA15042B4500162D48 /* Frameworks */,
				5D954EC815042B4500162D48 /* Products */,
			);
			sourceTree = "<group>";
		};
		5D954EC815042B4500162D48 /* Products */ = {
			isa = PBXGroup;
			children = (
				5D954EC715042B4500162D48 /* Launch.app */,
			);
			name = Products;
			sourceTree = "<group>";
		};
		5D954ECA15042B4500162D48 /* Frameworks */ = {
			isa = PBXGroup;
			children = (
				5D954ECB15042B4500162D48 /* Foundation.framework */,
				5D954ECD15042B4500162D48 /* UIKit.framework */,
				5D954ECF15042B4500162D48 /* CoreGraphics.framework */,
				5D954ED115042B4500162D48 /* AddressBook.framework */,
				5D954ED315042B4500162D48 /* AddressBookUI.framework */,
				5D954ED515042B4500162D48 /* AudioToolbox.framework */,
				5D954ED715042B4500162D48 /* AVFoundation.framework */,
				5D954ED915042B4500162D48 /* CoreLocation.framework */,
				5D954EDB15042B4500162D48 /* MediaPlayer.framework */,
				5D954EDD15042B4500162D48 /* QuartzCore.framework */,
				5D954EDF15042B4500162D48 /* SystemConfiguration.framework */,
				5D954EE115042B4500162D48 /* MobileCoreServices.framework */,
				5D954EE315042B4500162D48 /* CoreMedia.framework */,
			);
			name = Frameworks;
			sourceTree = "<group>";
		};
		5D954EE515042B4500162D48 /* Launch */ = {
			isa = PBXGroup;
			children = (
				5D954F1915042B6F00162D48 /* www */,
				5D954EEE15042B4600162D48 /* PhoneGap.framework */,
				5D954EF015042B4600162D48 /* Resources */,
				5D954F0915042B4600162D48 /* Classes */,
				5D954F1215042B4600162D48 /* Plugins */,
				5D954EE615042B4500162D48 /* Supporting Files */,
			);
			path = Launch;
			sourceTree = "<group>";
		};
		5D954EE615042B4500162D48 /* Supporting Files */ = {
			isa = PBXGroup;
			children = (
				5D954EE715042B4500162D48 /* Launch-Info.plist */,
				5D954EE815042B4600162D48 /* InfoPlist.strings */,
				5D954EEB15042B4600162D48 /* main.m */,
				5D954EED15042B4600162D48 /* Launch-Prefix.pch */,
				5D954F0715042B4600162D48 /* PhoneGap.plist */,
				5D954F1015042B4600162D48 /* MainViewController.xib */,
			);
			name = "Supporting Files";
			sourceTree = "<group>";
		};
		5D954EF015042B4600162D48 /* Resources */ = {
			isa = PBXGroup;
			children = (
				5D954F0515042B4600162D48 /* Capture.bundle */,
				5D954EF115042B4600162D48 /* en.lproj */,
				5D954EF515042B4600162D48 /* es.lproj */,
				5D954EF915042B4600162D48 /* icons */,
				5D954F0015042B4600162D48 /* splash */,
			);
			name = Resources;
			sourceTree = "<group>";
		};
		5D954EF115042B4600162D48 /* en.lproj */ = {
			isa = PBXGroup;
			children = (
				5D954EF215042B4600162D48 /* Localizable.strings */,
			);
			name = en.lproj;
			sourceTree = "<group>";
		};
		5D954EF515042B4600162D48 /* es.lproj */ = {
			isa = PBXGroup;
			children = (
				5D954EF615042B4600162D48 /* Localizable.strings */,
			);
			name = es.lproj;
			sourceTree = "<group>";
		};
		5D954EF915042B4600162D48 /* icons */ = {
			isa = PBXGroup;
			children = (
				5D954EFA15042B4600162D48 /* icon.png */,
				5D954EFC15042B4600162D48 /* icon@2x.png */,
				5D954EFE15042B4600162D48 /* icon-72.png */,
			);
			name = icons;
			sourceTree = "<group>";
		};
		5D954F0015042B4600162D48 /* splash */ = {
			isa = PBXGroup;
			children = (
				5D954F0115042B4600162D48 /* Default.png */,
				5D954F0315042B4600162D48 /* Default@2x.png */,
			);
			name = splash;
			sourceTree = "<group>";
		};
		5D954F0915042B4600162D48 /* Classes */ = {
			isa = PBXGroup;
			children = (
				5D954F0A15042B4600162D48 /* AppDelegate.h */,
				5D954F0B15042B4600162D48 /* AppDelegate.m */,
				5D954F0D15042B4600162D48 /* MainViewController.h */,
				5D954F0E15042B4600162D48 /* MainViewController.m */,
			);
			name = Classes;
			sourceTree = "<group>";
		};
		5D954F1215042B4600162D48 /* Plugins */ = {
			isa = PBXGroup;
			children = (
				5D954F1315042B4600162D48 /* README */,
			);
			name = Plugins;
			sourceTree = "<group>";
		};
/* End PBXGroup section */

/* Begin PBXNativeTarget section */
		5D954EC615042B4500162D48 /* Launch */ = {
			isa = PBXNativeTarget;
			buildConfigurationList = 5D954F1615042B4600162D48 /* Build configuration list for PBXNativeTarget "Launch" */;
			buildPhases = (
				5D954EC015042B4500162D48 /* Sources */,
				5D954EC115042B4500162D48 /* Frameworks */,
				5D954EC215042B4500162D48 /* Resources */,
				5D954EC315042B4500162D48 /* Sources */,
				5D954EC415042B4500162D48 /* Frameworks */,
				5D954EC515042B4500162D48 /* ShellScript */,
			);
			buildRules = (
			);
			dependencies = (
			);
			name = Launch;
			productName = Launch;
			productReference = 5D954EC715042B4500162D48 /* Launch.app */;
			productType = "com.apple.product-type.application";
		};
/* End PBXNativeTarget section */

/* Begin PBXProject section */
		5D954EBB15042B4500162D48 /* Project object */ = {
			isa = PBXProject;
			attributes = {
				LastUpgradeCheck = 0420;
				ORGANIZATIONNAME = "MdTA / Full Sail University";
			};
			buildConfigurationList = 5D954EBE15042B4500162D48 /* Build configuration list for PBXProject "Launch" */;
			compatibilityVersion = "Xcode 3.2";
			developmentRegion = English;
			hasScannedForEncodings = 0;
			knownRegions = (
				en,
				es,
			);
			mainGroup = 5D954EB915042B4500162D48;
			productRefGroup = 5D954EC815042B4500162D48 /* Products */;
			projectDirPath = "";
			projectRoot = "";
			targets = (
				5D954EC615042B4500162D48 /* Launch */,
			);
		};
/* End PBXProject section */

/* Begin PBXResourcesBuildPhase section */
		5D954EC215042B4500162D48 /* Resources */ = {
			isa = PBXResourcesBuildPhase;
			buildActionMask = 2147483647;
			files = (
				5D954EEA15042B4600162D48 /* InfoPlist.strings in Resources */,
				5D954EF415042B4600162D48 /* Localizable.strings in Resources */,
				5D954EF815042B4600162D48 /* Localizable.strings in Resources */,
				5D954EFB15042B4600162D48 /* icon.png in Resources */,
				5D954EFD15042B4600162D48 /* icon@2x.png in Resources */,
				5D954EFF15042B4600162D48 /* icon-72.png in Resources */,
				5D954F0215042B4600162D48 /* Default.png in Resources */,
				5D954F0415042B4600162D48 /* Default@2x.png in Resources */,
				5D954F0615042B4600162D48 /* Capture.bundle in Resources */,
				5D954F0815042B4600162D48 /* PhoneGap.plist in Resources */,
				5D954F1115042B4600162D48 /* MainViewController.xib in Resources */,
				5D954F1A15042B6F00162D48 /* www in Resources */,
				5D954F1C15042CC300162D48 /* Default-Landscape~ipad.png in Resources */,
				5D954F1E15055C6100162D48 /* Default.png in Resources */,
			);
			runOnlyForDeploymentPostprocessing = 0;
		};
/* End PBXResourcesBuildPhase section */

/* Begin PBXShellScriptBuildPhase section */
		5D954EC515042B4500162D48 /* ShellScript */ = {
			isa = PBXShellScriptBuildPhase;
			buildActionMask = 2147483647;
			files = (
			);
			inputPaths = (
			);
			outputPaths = (
			);
			runOnlyForDeploymentPostprocessing = 0;
			shellPath = /bin/bash;
			shellScript = "\n\t\t\t\t\t\t\t\tif [ ! -d \"$PROJECT_DIR/www\" ] ; then\n\t\t\t\t\t\t\t\t\tcp -R /Users/Shared/PhoneGap/Frameworks/PhoneGap.framework/www \"$PROJECT_DIR\"\n\t\t\t\t\t\t\t\tfi\n\t\t\t\t\t\t\t\t# detect www folder reference in project, if missing, print warning\n\t\t\t\t\t\t\t\tgrep \"{isa = PBXFileReference; lastKnownFileType = folder; path = www; sourceTree = \\\"<group>\\\"; };\" \"$PROJECT_DIR/$PROJECT_NAME.xcodeproj/project.pbxproj\"\n\t\t\t\t\t\t\t\trc=$? \n\t\t\t\t\t\t\t\tif [ $rc != 0 ] ; then\n\t\t\t\t\t\t\t\techo -e \"warning: Missing - Add $PROJECT_DIR/www as a folder reference in your project. Just drag and drop the folder into your project, into the Project Navigator of Xcode 4. Make sure you select the second radio-button: 'Create folder references for any added folders' (which will create a blue folder)\" 1>&2\n\t\t\t\t\t\t\t\tfi\t\t\t\t\t\t\t";
		};
/* End PBXShellScriptBuildPhase section */

/* Begin PBXSourcesBuildPhase section */
		5D954EC015042B4500162D48 /* Sources */ = {
			isa = PBXSourcesBuildPhase;
			buildActionMask = 2147483647;
			files = (
				5D954EEC15042B4600162D48 /* main.m in Sources */,
				5D954F0C15042B4600162D48 /* AppDelegate.m in Sources */,
				5D954F0F15042B4600162D48 /* MainViewController.m in Sources */,
			);
			runOnlyForDeploymentPostprocessing = 0;
		};
		5D954EC315042B4500162D48 /* Sources */ = {
			isa = PBXSourcesBuildPhase;
			buildActionMask = 2147483647;
			files = (
			);
			runOnlyForDeploymentPostprocessing = 0;
		};
/* End PBXSourcesBuildPhase section */

/* Begin PBXVariantGroup section */
		5D954EE815042B4600162D48 /* InfoPlist.strings */ = {
			isa = PBXVariantGroup;
			children = (
				5D954EE915042B4600162D48 /* en */,
			);
			name = InfoPlist.strings;
			sourceTree = "<group>";
		};
		5D954EF215042B4600162D48 /* Localizable.strings */ = {
			isa = PBXVariantGroup;
			children = (
				5D954EF315042B4600162D48 /* en */,
			);
			name = Localizable.strings;
			sourceTree = "<group>";
		};
		5D954EF615042B4600162D48 /* Localizable.strings */ = {
			isa = PBXVariantGroup;
			children = (
				5D954EF715042B4600162D48 /* es */,
			);
			name = Localizable.strings;
			sourceTree = "<group>";
		};
/* End PBXVariantGroup section */

/* Begin XCBuildConfiguration section */
		5D954F1415042B4600162D48 /* Debug */ = {
			isa = XCBuildConfiguration;
			buildSettings = {
				ALWAYS_SEARCH_USER_PATHS = NO;
				ARCHS = "$(ARCHS_STANDARD_32_BIT)";
				CLANG_ENABLE_OBJC_ARC = YES;
				"CODE_SIGN_IDENTITY[sdk=iphoneos*]" = "iPhone Developer";
				COPY_PHASE_STRIP = NO;
				GCC_C_LANGUAGE_STANDARD = gnu99;
				GCC_DYNAMIC_NO_PIC = NO;
				GCC_OPTIMIZATION_LEVEL = 0;
				GCC_PREPROCESSOR_DEFINITIONS = (
					"DEBUG=1",
					"$(inherited)",
				);
				GCC_SYMBOLS_PRIVATE_EXTERN = NO;
				GCC_VERSION = com.apple.compilers.llvmgcc42;
				GCC_WARN_ABOUT_MISSING_PROTOTYPES = YES;
				GCC_WARN_ABOUT_RETURN_TYPE = YES;
				GCC_WARN_UNUSED_VARIABLE = YES;
				IPHONEOS_DEPLOYMENT_TARGET = 3.0;
				SDKROOT = iphoneos;
			};
			name = Debug;
		};
		5D954F1515042B4600162D48 /* Release */ = {
			isa = XCBuildConfiguration;
			buildSettings = {
				ALWAYS_SEARCH_USER_PATHS = NO;
				ARCHS = "$(ARCHS_STANDARD_32_BIT)";
				CLANG_ENABLE_OBJC_ARC = YES;
				"CODE_SIGN_IDENTITY[sdk=iphoneos*]" = "iPhone Developer";
				COPY_PHASE_STRIP = YES;
				GCC_C_LANGUAGE_STANDARD = gnu99;
				GCC_VERSION = com.apple.compilers.llvmgcc42;
				GCC_WARN_ABOUT_MISSING_PROTOTYPES = YES;
				GCC_WARN_ABOUT_RETURN_TYPE = YES;
				GCC_WARN_UNUSED_VARIABLE = YES;
				IPHONEOS_DEPLOYMENT_TARGET = 3.0;
				SDKROOT = iphoneos;
				VALIDATE_PRODUCT = YES;
			};
			name = Release;
		};
		5D954F1715042B4600162D48 /* Debug */ = {
			isa = XCBuildConfiguration;
			buildSettings = {
				ALWAYS_SEARCH_USER_PATHS = YES;
				COPY_PHASE_STRIP = NO;
				FRAMEWORK_SEARCH_PATHS = /Users/Shared/PhoneGap/Frameworks;
				GCC_DYNAMIC_NO_PIC = NO;
				GCC_PRECOMPILE_PREFIX_HEADER = YES;
				GCC_PREFIX_HEADER = "Launch/Launch-Prefix.pch";
				GCC_PREPROCESSOR_DEFINITIONS = "PHONEGAP_FRAMEWORK=YES";
				INFOPLIST_FILE = "Launch/Launch-Info.plist";
				OTHER_LDFLAGS = (
					"-weak_framework",
					UIKit,
					"-weak_framework",
					AVFoundation,
					"-weak_framework",
					CoreMedia,
					"-weak_library",
					/usr/lib/libSystem.B.dylib,
				);
				PRODUCT_NAME = "$(TARGET_NAME)";
				TARGETED_DEVICE_FAMILY = "1,2";
				WRAPPER_EXTENSION = app;
			};
			name = Debug;
		};
		5D954F1815042B4600162D48 /* Release */ = {
			isa = XCBuildConfiguration;
			buildSettings = {
				ALWAYS_SEARCH_USER_PATHS = YES;
				COPY_PHASE_STRIP = YES;
				DEBUG_INFORMATION_FORMAT = "dwarf-with-dsym";
				FRAMEWORK_SEARCH_PATHS = /Users/Shared/PhoneGap/Frameworks;
				GCC_PRECOMPILE_PREFIX_HEADER = YES;
				GCC_PREFIX_HEADER = "Launch/Launch-Prefix.pch";
				GCC_PREPROCESSOR_DEFINITIONS = "PHONEGAP_FRAMEWORK=YES";
				INFOPLIST_FILE = "Launch/Launch-Info.plist";
				OTHER_LDFLAGS = (
					"-weak_framework",
					UIKit,
					"-weak_framework",
					AVFoundation,
					"-weak_framework",
					CoreMedia,
					"-weak_library",
					/usr/lib/libSystem.B.dylib,
				);
				PRODUCT_NAME = "$(TARGET_NAME)";
				TARGETED_DEVICE_FAMILY = "1,2";
				VALIDATE_PRODUCT = YES;
				WRAPPER_EXTENSION = app;
			};
			name = Release;
		};
/* End XCBuildConfiguration section */

/* Begin XCConfigurationList section */
		5D954EBE15042B4500162D48 /* Build configuration list for PBXProject "Launch" */ = {
			isa = XCConfigurationList;
			buildConfigurations = (
				5D954F1415042B4600162D48 /* Debug */,
				5D954F1515042B4600162D48 /* Release */,
			);
			defaultConfigurationIsVisible = 0;
			defaultConfigurationName = Release;
		};
		5D954F1615042B4600162D48 /* Build configuration list for PBXNativeTarget "Launch" */ = {
			isa = XCConfigurationList;
			buildConfigurations = (
				5D954F1715042B4600162D48 /* Debug */,
				5D954F1815042B4600162D48 /* Release */,
			);
			defaultConfigurationIsVisible = 0;
		};
/* End XCConfigurationList section */
	};
	rootObject = 5D954EBB15042B4500162D48 /* Project object */;
}
