// !$*UTF8*$!
{
	archiveVersion = 1;
	classes = {
	};
	objectVersion = 46;
	objects = {

/* Begin PBXBuildFile section */
		5D0E1D641552B8FF00C2973E /* UIKit.framework in Frameworks */ = {isa = PBXBuildFile; fileRef = 5D0E1D631552B8FF00C2973E /* UIKit.framework */; };
		5D0E1D661552B8FF00C2973E /* Foundation.framework in Frameworks */ = {isa = PBXBuildFile; fileRef = 5D0E1D651552B8FF00C2973E /* Foundation.framework */; };
		5D0E1D681552B8FF00C2973E /* CoreGraphics.framework in Frameworks */ = {isa = PBXBuildFile; fileRef = 5D0E1D671552B8FF00C2973E /* CoreGraphics.framework */; };
		5D0E1D6E1552B8FF00C2973E /* InfoPlist.strings in Resources */ = {isa = PBXBuildFile; fileRef = 5D0E1D6C1552B8FF00C2973E /* InfoPlist.strings */; };
		5D0E1D701552B8FF00C2973E /* main.m in Sources */ = {isa = PBXBuildFile; fileRef = 5D0E1D6F1552B8FF00C2973E /* main.m */; };
		5D0E1D741552B8FF00C2973E /* AppDelegate.m in Sources */ = {isa = PBXBuildFile; fileRef = 5D0E1D731552B8FF00C2973E /* AppDelegate.m */; };
		5D0E1D771552B8FF00C2973E /* ViewController.m in Sources */ = {isa = PBXBuildFile; fileRef = 5D0E1D761552B8FF00C2973E /* ViewController.m */; };
		5D0E1D7A1552B8FF00C2973E /* ViewController.xib in Resources */ = {isa = PBXBuildFile; fileRef = 5D0E1D781552B8FF00C2973E /* ViewController.xib */; };
/* End PBXBuildFile section */

/* Begin PBXFileReference section */
		5D0E1D5F1552B8FF00C2973E /* Project1.app */ = {isa = PBXFileReference; explicitFileType = wrapper.application; includeInIndex = 0; path = Project1.app; sourceTree = BUILT_PRODUCTS_DIR; };
		5D0E1D631552B8FF00C2973E /* UIKit.framework */ = {isa = PBXFileReference; lastKnownFileType = wrapper.framework; name = UIKit.framework; path = System/Library/Frameworks/UIKit.framework; sourceTree = SDKROOT; };
		5D0E1D651552B8FF00C2973E /* Foundation.framework */ = {isa = PBXFileReference; lastKnownFileType = wrapper.framework; name = Foundation.framework; path = System/Library/Frameworks/Foundation.framework; sourceTree = SDKROOT; };
		5D0E1D671552B8FF00C2973E /* CoreGraphics.framework */ = {isa = PBXFileReference; lastKnownFileType = wrapper.framework; name = CoreGraphics.framework; path = System/Library/Frameworks/CoreGraphics.framework; sourceTree = SDKROOT; };
		5D0E1D6B1552B8FF00C2973E /* Project1-Info.plist */ = {isa = PBXFileReference; path = "Project1-Info.plist"; sourceTree = "<group>"; };
		5D0E1D6D1552B8FF00C2973E /* en */ = {isa = PBXFileReference; lastKnownFileType = text.plist.strings; name = en; path = en.lproj/InfoPlist.strings; sourceTree = "<group>"; };
		5D0E1D6F1552B8FF00C2973E /* main.m */ = {isa = PBXFileReference; lastKnownFileType = sourcecode.c.objc; path = main.m; sourceTree = "<group>"; };
		5D0E1D711552B8FF00C2973E /* Project1-Prefix.pch */ = {isa = PBXFileReference; path = "Project1-Prefix.pch"; sourceTree = "<group>"; };
		5D0E1D721552B8FF00C2973E /* AppDelegate.h */ = {isa = PBXFileReference; path = AppDelegate.h; sourceTree = "<group>"; };
		5D0E1D731552B8FF00C2973E /* AppDelegate.m */ = {isa = PBXFileReference; lastKnownFileType = sourcecode.c.objc; path = AppDelegate.m; sourceTree = "<group>"; };
		5D0E1D751552B8FF00C2973E /* ViewController.h */ = {isa = PBXFileReference; path = ViewController.h; sourceTree = "<group>"; };
		5D0E1D761552B8FF00C2973E /* ViewController.m */ = {isa = PBXFileReference; lastKnownFileType = sourcecode.c.objc; path = ViewController.m; sourceTree = "<group>"; };
		5D0E1D791552B8FF00C2973E /* en */ = {isa = PBXFileReference; lastKnownFileType = file.xib; name = en; path = en.lproj/ViewController.xib; sourceTree = "<group>"; };
/* End PBXFileReference section */

/* Begin PBXFrameworksBuildPhase section */
		5D0E1D5C1552B8FF00C2973E /* Frameworks */ = {
			isa = PBXFrameworksBuildPhase;
			buildActionMask = 2147483647;
			files = (
				5D0E1D641552B8FF00C2973E /* UIKit.framework in Frameworks */,
				5D0E1D661552B8FF00C2973E /* Foundation.framework in Frameworks */,
				5D0E1D681552B8FF00C2973E /* CoreGraphics.framework in Frameworks */,
			);
			runOnlyForDeploymentPostprocessing = 0;
		};
/* End PBXFrameworksBuildPhase section */

/* Begin PBXGroup section */
		5D0E1D541552B8FE00C2973E = {
			isa = PBXGroup;
			children = (
				5D0E1D691552B8FF00C2973E /* Project1 */,
				5D0E1D621552B8FF00C2973E /* Frameworks */,
				5D0E1D601552B8FF00C2973E /* Products */,
			);
			sourceTree = "<group>";
		};
		5D0E1D601552B8FF00C2973E /* Products */ = {
			isa = PBXGroup;
			children = (
				5D0E1D5F1552B8FF00C2973E /* Project1.app */,
			);
			name = Products;
			sourceTree = "<group>";
		};
		5D0E1D621552B8FF00C2973E /* Frameworks */ = {
			isa = PBXGroup;
			children = (
				5D0E1D631552B8FF00C2973E /* UIKit.framework */,
				5D0E1D651552B8FF00C2973E /* Foundation.framework */,
				5D0E1D671552B8FF00C2973E /* CoreGraphics.framework */,
			);
			name = Frameworks;
			sourceTree = "<group>";
		};
		5D0E1D691552B8FF00C2973E /* Project1 */ = {
			isa = PBXGroup;
			children = (
				5D0E1D721552B8FF00C2973E /* AppDelegate.h */,
				5D0E1D731552B8FF00C2973E /* AppDelegate.m */,
				5D0E1D751552B8FF00C2973E /* ViewController.h */,
				5D0E1D761552B8FF00C2973E /* ViewController.m */,
				5D0E1D781552B8FF00C2973E /* ViewController.xib */,
				5D0E1D6A1552B8FF00C2973E /* Supporting Files */,
			);
			path = Project1;
			sourceTree = "<group>";
		};
		5D0E1D6A1552B8FF00C2973E /* Supporting Files */ = {
			isa = PBXGroup;
			children = (
				5D0E1D6B1552B8FF00C2973E /* Project1-Info.plist */,
				5D0E1D6C1552B8FF00C2973E /* InfoPlist.strings */,
				5D0E1D6F1552B8FF00C2973E /* main.m */,
				5D0E1D711552B8FF00C2973E /* Project1-Prefix.pch */,
			);
			name = "Supporting Files";
			sourceTree = "<group>";
		};
/* End PBXGroup section */

/* Begin PBXNativeTarget section */
		5D0E1D5E1552B8FF00C2973E /* Project1 */ = {
			isa = PBXNativeTarget;
			buildConfigurationList = 5D0E1D7D1552B8FF00C2973E /* Build configuration list for PBXNativeTarget "Project1" */;
			buildPhases = (
				5D0E1D5B1552B8FF00C2973E /* Sources */,
				5D0E1D5C1552B8FF00C2973E /* Frameworks */,
				5D0E1D5D1552B8FF00C2973E /* Resources */,
			);
			buildRules = (
			);
			dependencies = (
			);
			name = Project1;
			productName = Project1;
			productReference = 5D0E1D5F1552B8FF00C2973E /* Project1.app */;
			productType = "com.apple.product-type.application";
		};
/* End PBXNativeTarget section */

/* Begin PBXProject section */
		5D0E1D561552B8FF00C2973E /* Project object */ = {
			isa = PBXProject;
			attributes = {
				LastUpgradeCheck = 0420;
				ORGANIZATIONNAME = "MdTA / Full Sail University";
			};
			buildConfigurationList = 5D0E1D591552B8FF00C2973E /* Build configuration list for PBXProject "Project1" */;
			compatibilityVersion = "Xcode 3.2";
			developmentRegion = English;
			hasScannedForEncodings = 0;
			knownRegions = (
				en,
			);
			mainGroup = 5D0E1D541552B8FE00C2973E;
			productRefGroup = 5D0E1D601552B8FF00C2973E /* Products */;
			projectDirPath = "";
			projectRoot = "";
			targets = (
				5D0E1D5E1552B8FF00C2973E /* Project1 */,
			);
		};
/* End PBXProject section */

/* Begin PBXResourcesBuildPhase section */
		5D0E1D5D1552B8FF00C2973E /* Resources */ = {
			isa = PBXResourcesBuildPhase;
			buildActionMask = 2147483647;
			files = (
				5D0E1D6E1552B8FF00C2973E /* InfoPlist.strings in Resources */,
				5D0E1D7A1552B8FF00C2973E /* ViewController.xib in Resources */,
			);
			runOnlyForDeploymentPostprocessing = 0;
		};
/* End PBXResourcesBuildPhase section */

/* Begin PBXSourcesBuildPhase section */
		5D0E1D5B1552B8FF00C2973E /* Sources */ = {
			isa = PBXSourcesBuildPhase;
			buildActionMask = 2147483647;
			files = (
				5D0E1D701552B8FF00C2973E /* main.m in Sources */,
				5D0E1D741552B8FF00C2973E /* AppDelegate.m in Sources */,
				5D0E1D771552B8FF00C2973E /* ViewController.m in Sources */,
			);
			runOnlyForDeploymentPostprocessing = 0;
		};
/* End PBXSourcesBuildPhase section */

/* Begin PBXVariantGroup section */
		5D0E1D6C1552B8FF00C2973E /* InfoPlist.strings */ = {
			isa = PBXVariantGroup;
			children = (
				5D0E1D6D1552B8FF00C2973E /* en */,
			);
			name = InfoPlist.strings;
			sourceTree = "<group>";
		};
		5D0E1D781552B8FF00C2973E /* ViewController.xib */ = {
			isa = PBXVariantGroup;
			children = (
				5D0E1D791552B8FF00C2973E /* en */,
			);
			name = ViewController.xib;
			sourceTree = "<group>";
		};
/* End PBXVariantGroup section */

/* Begin XCBuildConfiguration section */
		5D0E1D7B1552B8FF00C2973E /* Debug */ = {
			isa = XCBuildConfiguration;
			buildSettings = {
				ALWAYS_SEARCH_USER_PATHS = NO;
				ARCHS = "$(ARCHS_STANDARD_32_BIT)";
				CLANG_ENABLE_OBJC_ARC = YES;
				"CODE_SIGN_IDENTITY[sdk=iphoneos*]" = "iPhone Developer";
				COPY_PHASE_STRIP = NO;
				GCC_C_LANGUAGE_STANDARD = gnu99;
				GCC_DYNAMIC_NO_PIC = NO;
				GCC_OPTIMIZATION_LEVEL = 0;
				GCC_PREPROCESSOR_DEFINITIONS = (
					"DEBUG=1",
					"$(inherited)",
				);
				GCC_SYMBOLS_PRIVATE_EXTERN = NO;
				GCC_VERSION = com.apple.compilers.llvm.clang.1_0;
				GCC_WARN_ABOUT_MISSING_PROTOTYPES = YES;
				GCC_WARN_ABOUT_RETURN_TYPE = YES;
				GCC_WARN_UNUSED_VARIABLE = YES;
				IPHONEOS_DEPLOYMENT_TARGET = 5.0;
				SDKROOT = iphoneos;
			};
			name = Debug;
		};
		5D0E1D7C1552B8FF00C2973E /* Release */ = {
			isa = XCBuildConfiguration;
			buildSettings = {
				ALWAYS_SEARCH_USER_PATHS = NO;
				ARCHS = "$(ARCHS_STANDARD_32_BIT)";
				CLANG_ENABLE_OBJC_ARC = YES;
				"CODE_SIGN_IDENTITY[sdk=iphoneos*]" = "iPhone Developer";
				COPY_PHASE_STRIP = YES;
				GCC_C_LANGUAGE_STANDARD = gnu99;
				GCC_VERSION = com.apple.compilers.llvm.clang.1_0;
				GCC_WARN_ABOUT_MISSING_PROTOTYPES = YES;
				GCC_WARN_ABOUT_RETURN_TYPE = YES;
				GCC_WARN_UNUSED_VARIABLE = YES;
				IPHONEOS_DEPLOYMENT_TARGET = 5.0;
				OTHER_CFLAGS = "-DNS_BLOCK_ASSERTIONS=1";
				SDKROOT = iphoneos;
				VALIDATE_PRODUCT = YES;
			};
			name = Release;
		};
		5D0E1D7E1552B8FF00C2973E /* Debug */ = {
			isa = XCBuildConfiguration;
			buildSettings = {
				GCC_PRECOMPILE_PREFIX_HEADER = YES;
				GCC_PREFIX_HEADER = "Project1/Project1-Prefix.pch";
				INFOPLIST_FILE = "Project1/Project1-Info.plist";
				PRODUCT_NAME = "$(TARGET_NAME)";
				WRAPPER_EXTENSION = app;
			};
			name = Debug;
		};
		5D0E1D7F1552B8FF00C2973E /* Release */ = {
			isa = XCBuildConfiguration;
			buildSettings = {
				GCC_PRECOMPILE_PREFIX_HEADER = YES;
				GCC_PREFIX_HEADER = "Project1/Project1-Prefix.pch";
				INFOPLIST_FILE = "Project1/Project1-Info.plist";
				PRODUCT_NAME = "$(TARGET_NAME)";
				WRAPPER_EXTENSION = app;
			};
			name = Release;
		};
/* End XCBuildConfiguration section */

/* Begin XCConfigurationList section */
		5D0E1D591552B8FF00C2973E /* Build configuration list for PBXProject "Project1" */ = {
			isa = XCConfigurationList;
			buildConfigurations = (
				5D0E1D7B1552B8FF00C2973E /* Debug */,
				5D0E1D7C1552B8FF00C2973E /* Release */,
			);
			defaultConfigurationIsVisible = 0;
			defaultConfigurationName = Release;
		};
		5D0E1D7D1552B8FF00C2973E /* Build configuration list for PBXNativeTarget "Project1" */ = {
			isa = XCConfigurationList;
			buildConfigurations = (
				5D0E1D7E1552B8FF00C2973E /* Debug */,
				5D0E1D7F1552B8FF00C2973E /* Release */,
			);
			defaultConfigurationIsVisible = 0;
		};
/* End XCConfigurationList section */
	};
	rootObject = 5D0E1D561552B8FF00C2973E /* Project object */;
}
